
Microsoft Visual Studio Solution File, Format Version 12.00
# Visual Studio 14
VisualStudioVersion = 14.0.25420.1
MinimumVisualStudioVersion = 10.0.40219.1
Project("{8BC9CEB8-8B4A-11D0-8D11-00A0C91BC942}") = "IIR_FILTER", "..\..\IIR_FILTER\IIR_FILTER.vcxproj", "{F2DCCE5C-A582-4052-828E-432191762F98}"
EndProject
Project("{8BC9CEB8-8B4A-11D0-8D11-00A0C91BC942}") = "Common", "..\..\Common\Common.vcxproj", "{C5275896-CB3B-418D-A249-04995CFDB410}"
EndProject
Project("{8BC9CEB8-8B4A-11D0-8D11-00A0C91BC942}") = "XCORR", "..\..\XCORR\XCORR.vcxproj", "{516B61F6-8E9D-4001-A19F-09F54D3DBF30}"
EndProject
Project("{8BC9CEB8-8B4A-11D0-8D11-00A0C91BC942}") = "Test", "..\..\Test\Test.vcxproj", "{89CCC16F-52A1-476A-84F7-7FC22128E5F5}"
	ProjectSection(ProjectDependencies) = postProject
		{F2DCCE5C-A582-4052-828E-432191762F98} = {F2DCCE5C-A582-4052-828E-432191762F98}
		{C5275896-CB3B-418D-A249-04995CFDB410} = {C5275896-CB3B-418D-A249-04995CFDB410}
		{091C3DAA-2783-4B1E-ADEC-57DFD128CA1B} = {091C3DAA-2783-4B1E-ADEC-57DFD128CA1B}
		{CFB59BC9-D9E1-4367-A06D-D0DBD11F734C} = {CFB59BC9-D9E1-4367-A06D-D0DBD11F734C}
		{516B61F6-8E9D-4001-A19F-09F54D3DBF30} = {516B61F6-8E9D-4001-A19F-09F54D3DBF30}
	EndProjectSection
EndProject
Project("{8BC9CEB8-8B4A-11D0-8D11-00A0C91BC942}") = "AudioIO", "..\..\AudioIO\AudioIO.vcxproj", "{CFB59BC9-D9E1-4367-A06D-D0DBD11F734C}"
EndProject
Project("{8BC9CEB8-8B4A-11D0-8D11-00A0C91BC942}") = "HWTest", "..\..\HWTest\HWTest.vcxproj", "{091C3DAA-2783-4B1E-ADEC-57DFD128CA1B}"
	ProjectSection(ProjectDependencies) = postProject
		{F2DCCE5C-A582-4052-828E-432191762F98} = {F2DCCE5C-A582-4052-828E-432191762F98}
		{C5275896-CB3B-418D-A249-04995CFDB410} = {C5275896-CB3B-418D-A249-04995CFDB410}
		{CFB59BC9-D9E1-4367-A06D-D0DBD11F734C} = {CFB59BC9-D9E1-4367-A06D-D0DBD11F734C}
		{516B61F6-8E9D-4001-A19F-09F54D3DBF30} = {516B61F6-8E9D-4001-A19F-09F54D3DBF30}
	EndProjectSection
EndProject
Global
	GlobalSection(SolutionConfigurationPlatforms) = preSolution
		Debug|x64 = Debug|x64
		Debug|x86 = Debug|x86
		Release|x64 = Release|x64
		Release|x86 = Release|x86
	EndGlobalSection
	GlobalSection(ProjectConfigurationPlatforms) = postSolution
		{F2DCCE5C-A582-4052-828E-432191762F98}.Debug|x64.ActiveCfg = Debug|x64
		{F2DCCE5C-A582-4052-828E-432191762F98}.Debug|x64.Build.0 = Debug|x64
		{F2DCCE5C-A582-4052-828E-432191762F98}.Debug|x86.ActiveCfg = Debug|Win32
		{F2DCCE5C-A582-4052-828E-432191762F98}.Debug|x86.Build.0 = Debug|Win32
		{F2DCCE5C-A582-4052-828E-432191762F98}.Release|x64.ActiveCfg = Release|x64
		{F2DCCE5C-A582-4052-828E-432191762F98}.Release|x64.Build.0 = Release|x64
		{F2DCCE5C-A582-4052-828E-432191762F98}.Release|x86.ActiveCfg = Release|Win32
		{F2DCCE5C-A582-4052-828E-432191762F98}.Release|x86.Build.0 = Release|Win32
		{C5275896-CB3B-418D-A249-04995CFDB410}.Debug|x64.ActiveCfg = Debug|x64
		{C5275896-CB3B-418D-A249-04995CFDB410}.Debug|x64.Build.0 = Debug|x64
		{C5275896-CB3B-418D-A249-04995CFDB410}.Debug|x86.ActiveCfg = Debug|Win32
		{C5275896-CB3B-418D-A249-04995CFDB410}.Debug|x86.Build.0 = Debug|Win32
		{C5275896-CB3B-418D-A249-04995CFDB410}.Release|x64.ActiveCfg = Release|x64
		{C5275896-CB3B-418D-A249-04995CFDB410}.Release|x64.Build.0 = Release|x64
		{C5275896-CB3B-418D-A249-04995CFDB410}.Release|x86.ActiveCfg = Release|Win32
		{C5275896-CB3B-418D-A249-04995CFDB410}.Release|x86.Build.0 = Release|Win32
		{516B61F6-8E9D-4001-A19F-09F54D3DBF30}.Debug|x64.ActiveCfg = Debug|x64
		{516B61F6-8E9D-4001-A19F-09F54D3DBF30}.Debug|x64.Build.0 = Debug|x64
		{516B61F6-8E9D-4001-A19F-09F54D3DBF30}.Debug|x86.ActiveCfg = Debug|Win32
		{516B61F6-8E9D-4001-A19F-09F54D3DBF30}.Debug|x86.Build.0 = Debug|Win32
		{516B61F6-8E9D-4001-A19F-09F54D3DBF30}.Release|x64.ActiveCfg = Release|x64
		{516B61F6-8E9D-4001-A19F-09F54D3DBF30}.Release|x64.Build.0 = Release|x64
		{516B61F6-8E9D-4001-A19F-09F54D3DBF30}.Release|x86.ActiveCfg = Release|Win32
		{516B61F6-8E9D-4001-A19F-09F54D3DBF30}.Release|x86.Build.0 = Release|Win32
		{89CCC16F-52A1-476A-84F7-7FC22128E5F5}.Debug|x64.ActiveCfg = Debug|x64
		{89CCC16F-52A1-476A-84F7-7FC22128E5F5}.Debug|x64.Build.0 = Debug|x64
		{89CCC16F-52A1-476A-84F7-7FC22128E5F5}.Debug|x86.ActiveCfg = Debug|Win32
		{89CCC16F-52A1-476A-84F7-7FC22128E5F5}.Debug|x86.Build.0 = Debug|Win32
		{89CCC16F-52A1-476A-84F7-7FC22128E5F5}.Release|x64.ActiveCfg = Release|x64
		{89CCC16F-52A1-476A-84F7-7FC22128E5F5}.Release|x64.Build.0 = Release|x64
		{89CCC16F-52A1-476A-84F7-7FC22128E5F5}.Release|x86.ActiveCfg = Release|Win32
		{89CCC16F-52A1-476A-84F7-7FC22128E5F5}.Release|x86.Build.0 = Release|Win32
		{CFB59BC9-D9E1-4367-A06D-D0DBD11F734C}.Debug|x64.ActiveCfg = Debug|x64
		{CFB59BC9-D9E1-4367-A06D-D0DBD11F734C}.Debug|x64.Build.0 = Debug|x64
		{CFB59BC9-D9E1-4367-A06D-D0DBD11F734C}.Debug|x86.ActiveCfg = Debug|Win32
		{CFB59BC9-D9E1-4367-A06D-D0DBD11F734C}.Debug|x86.Build.0 = Debug|Win32
		{CFB59BC9-D9E1-4367-A06D-D0DBD11F734C}.Release|x64.ActiveCfg = Release|x64
		{CFB59BC9-D9E1-4367-A06D-D0DBD11F734C}.Release|x64.Build.0 = Release|x64
		{CFB59BC9-D9E1-4367-A06D-D0DBD11F734C}.Release|x86.ActiveCfg = Release|Win32
		{CFB59BC9-D9E1-4367-A06D-D0DBD11F734C}.Release|x86.Build.0 = Release|Win32
		{091C3DAA-2783-4B1E-ADEC-57DFD128CA1B}.Debug|x64.ActiveCfg = Debug|x64
		{091C3DAA-2783-4B1E-ADEC-57DFD128CA1B}.Debug|x64.Build.0 = Debug|x64
		{091C3DAA-2783-4B1E-ADEC-57DFD128CA1B}.Debug|x86.ActiveCfg = Debug|Win32
		{091C3DAA-2783-4B1E-ADEC-57DFD128CA1B}.Debug|x86.Build.0 = Debug|Win32
		{091C3DAA-2783-4B1E-ADEC-57DFD128CA1B}.Release|x64.ActiveCfg = Release|x64
		{091C3DAA-2783-4B1E-ADEC-57DFD128CA1B}.Release|x64.Build.0 = Release|x64
		{091C3DAA-2783-4B1E-ADEC-57DFD128CA1B}.Release|x86.ActiveCfg = Release|Win32
		{091C3DAA-2783-4B1E-ADEC-57DFD128CA1B}.Release|x86.Build.0 = Release|Win32
	EndGlobalSection
	GlobalSection(SolutionProperties) = preSolution
		HideSolutionNode = FALSE
	EndGlobalSection
EndGlobal
